
Microsoft Visual Studio Solution File, Format Version 12.00
# Visual Studio Version 16
VisualStudioVersion = 16.0.29519.87
MinimumVisualStudioVersion = 10.0.40219.1
Project("{FAE04EC0-301F-11D3-BF4B-00C04F79EFBC}") = "practicaUnopuntoUno", "practicaUnopuntoUno\practicaUnopuntoUno.csproj", "{2B7A0804-DA25-4023-93F4-B04080674326}"
EndProject
Global
	GlobalSection(SolutionConfigurationPlatforms) = preSolution
		Debug|Any CPU = Debug|Any CPU
		Release|Any CPU = Release|Any CPU
	EndGlobalSection
	GlobalSection(ProjectConfigurationPlatforms) = postSolution
		{2B7A0804-DA25-4023-93F4-B04080674326}.Debug|Any CPU.ActiveCfg = Debug|Any CPU
		{2B7A0804-DA25-4023-93F4-B04080674326}.Debug|Any CPU.Build.0 = Debug|Any CPU
		{2B7A0804-DA25-4023-93F4-B04080674326}.Release|Any CPU.ActiveCfg = Release|Any CPU
		{2B7A0804-DA25-4023-93F4-B04080674326}.Release|Any CPU.Build.0 = Release|Any CPU
	EndGlobalSection
	GlobalSection(SolutionProperties) = preSolution
		HideSolutionNode = FALSE
	EndGlobalSection
	GlobalSection(ExtensibilityGlobals) = postSolution
		SolutionGuid = {41659A75-5FF1-435B-9E7A-27E57A1DF093}
	EndGlobalSection
EndGlobal
